{
  "name": "test-pb-minified",
  "version": "1.0.0",
  "lockfileVersion": 1,
  "requires": true,
  "dependencies": {
    "google-protobuf-minified": {
      "version": "1.0.2",
      "resolved": "https://registry.npmjs.org/google-protobuf-minified/-/google-protobuf-minified-1.0.2.tgz",
      "integrity": "sha512-W735ms7ZgoXXrFCZFwkGadZD1ayh8P2UV/G88YKZU/vBb57Gq9arsjFQHb+HLyaV16ywe4AAZkgDfaPri6cbuw=="
    }
  }
}
